// !$*UTF8*$!
{
	archiveVersion = 1;
	classes = {
	};
	objectVersion = 50;
	objects = {

/* Begin PBXBuildFile section */
		EFBA87E2243022DD003828AC /* main.swift in Sources */ = {isa = PBXBuildFile; fileRef = EFBA87E1243022DD003828AC /* main.swift */; };
		EFBA87EF243024CD003828AC /* main.swift in Sources */ = {isa = PBXBuildFile; fileRef = EFBA87EE243024CD003828AC /* main.swift */; };
		EFBA880D24302BA0003828AC /* main.swift in Sources */ = {isa = PBXBuildFile; fileRef = EFBA880C24302BA0003828AC /* main.swift */; };
/* End PBXBuildFile section */

/* Begin PBXCopyFilesBuildPhase section */
		EFBA87DC243022DD003828AC /* CopyFiles */ = {
			isa = PBXCopyFilesBuildPhase;
			buildActionMask = 2147483647;
			dstPath = /usr/share/man/man1/;
			dstSubfolderSpec = 0;
			files = (
			);
			runOnlyForDeploymentPostprocessing = 1;
		};
		EFBA87EA243024CD003828AC /* CopyFiles */ = {
			isa = PBXCopyFilesBuildPhase;
			buildActionMask = 2147483647;
			dstPath = /usr/share/man/man1/;
			dstSubfolderSpec = 0;
			files = (
			);
			runOnlyForDeploymentPostprocessing = 1;
		};
		EFBA880824302BA0003828AC /* CopyFiles */ = {
			isa = PBXCopyFilesBuildPhase;
			buildActionMask = 2147483647;
			dstPath = /usr/share/man/man1/;
			dstSubfolderSpec = 0;
			files = (
			);
			runOnlyForDeploymentPostprocessing = 1;
		};
/* End PBXCopyFilesBuildPhase section */

/* Begin PBXFileReference section */
		EFBA87DE243022DD003828AC /* 计算属性和存储属性 */ = {isa = PBXFileReference; explicitFileType = "compiled.mach-o.executable"; includeInIndex = 0; path = "计算属性和存储属性"; sourceTree = BUILT_PRODUCTS_DIR; };
		EFBA87E1243022DD003828AC /* main.swift */ = {isa = PBXFileReference; lastKnownFileType = sourcecode.swift; path = main.swift; sourceTree = "<group>"; };
		EFBA87EC243024CD003828AC /* 计算属性和存储属性2 */ = {isa = PBXFileReference; explicitFileType = "compiled.mach-o.executable"; includeInIndex = 0; path = "计算属性和存储属性2"; sourceTree = BUILT_PRODUCTS_DIR; };
		EFBA87EE243024CD003828AC /* main.swift */ = {isa = PBXFileReference; lastKnownFileType = sourcecode.swift; path = main.swift; sourceTree = "<group>"; };
		EFBA880A24302BA0003828AC /* 计算属性和存储属性3 */ = {isa = PBXFileReference; explicitFileType = "compiled.mach-o.executable"; includeInIndex = 0; path = "计算属性和存储属性3"; sourceTree = BUILT_PRODUCTS_DIR; };
		EFBA880C24302BA0003828AC /* main.swift */ = {isa = PBXFileReference; lastKnownFileType = sourcecode.swift; path = main.swift; sourceTree = "<group>"; };
/* End PBXFileReference section */

/* Begin PBXFrameworksBuildPhase section */
		EFBA87DB243022DD003828AC /* Frameworks */ = {
			isa = PBXFrameworksBuildPhase;
			buildActionMask = 2147483647;
			files = (
			);
			runOnlyForDeploymentPostprocessing = 0;
		};
		EFBA87E9243024CD003828AC /* Frameworks */ = {
			isa = PBXFrameworksBuildPhase;
			buildActionMask = 2147483647;
			files = (
			);
			runOnlyForDeploymentPostprocessing = 0;
		};
		EFBA880724302BA0003828AC /* Frameworks */ = {
			isa = PBXFrameworksBuildPhase;
			buildActionMask = 2147483647;
			files = (
			);
			runOnlyForDeploymentPostprocessing = 0;
		};
/* End PBXFrameworksBuildPhase section */

/* Begin PBXGroup section */
		EFBA87D5243022DD003828AC = {
			isa = PBXGroup;
			children = (
				EFBA87E0243022DD003828AC /* 计算属性和存储属性 */,
				EFBA87ED243024CD003828AC /* 计算属性和存储属性2 */,
				EFBA880B24302BA0003828AC /* 计算属性和存储属性3 */,
				EFBA87DF243022DD003828AC /* Products */,
			);
			sourceTree = "<group>";
		};
		EFBA87DF243022DD003828AC /* Products */ = {
			isa = PBXGroup;
			children = (
				EFBA87DE243022DD003828AC /* 计算属性和存储属性 */,
				EFBA87EC243024CD003828AC /* 计算属性和存储属性2 */,
				EFBA880A24302BA0003828AC /* 计算属性和存储属性3 */,
			);
			name = Products;
			sourceTree = "<group>";
		};
		EFBA87E0243022DD003828AC /* 计算属性和存储属性 */ = {
			isa = PBXGroup;
			children = (
				EFBA87E1243022DD003828AC /* main.swift */,
			);
			path = "计算属性和存储属性";
			sourceTree = "<group>";
		};
		EFBA87ED243024CD003828AC /* 计算属性和存储属性2 */ = {
			isa = PBXGroup;
			children = (
				EFBA87EE243024CD003828AC /* main.swift */,
			);
			path = "计算属性和存储属性2";
			sourceTree = "<group>";
		};
		EFBA880B24302BA0003828AC /* 计算属性和存储属性3 */ = {
			isa = PBXGroup;
			children = (
				EFBA880C24302BA0003828AC /* main.swift */,
			);
			path = "计算属性和存储属性3";
			sourceTree = "<group>";
		};
/* End PBXGroup section */

/* Begin PBXNativeTarget section */
		EFBA87DD243022DD003828AC /* 计算属性和存储属性 */ = {
			isa = PBXNativeTarget;
			buildConfigurationList = EFBA87E5243022DD003828AC /* Build configuration list for PBXNativeTarget "计算属性和存储属性" */;
			buildPhases = (
				EFBA87DA243022DD003828AC /* Sources */,
				EFBA87DB243022DD003828AC /* Frameworks */,
				EFBA87DC243022DD003828AC /* CopyFiles */,
			);
			buildRules = (
			);
			dependencies = (
			);
			name = "计算属性和存储属性";
			productName = "计算属性和存储属性";
			productReference = EFBA87DE243022DD003828AC /* 计算属性和存储属性 */;
			productType = "com.apple.product-type.tool";
		};
		EFBA87EB243024CD003828AC /* 计算属性和存储属性2 */ = {
			isa = PBXNativeTarget;
			buildConfigurationList = EFBA87F0243024CD003828AC /* Build configuration list for PBXNativeTarget "计算属性和存储属性2" */;
			buildPhases = (
				EFBA87E8243024CD003828AC /* Sources */,
				EFBA87E9243024CD003828AC /* Frameworks */,
				EFBA87EA243024CD003828AC /* CopyFiles */,
			);
			buildRules = (
			);
			dependencies = (
			);
			name = "计算属性和存储属性2";
			productName = "计算属性和存储属性2";
			productReference = EFBA87EC243024CD003828AC /* 计算属性和存储属性2 */;
			productType = "com.apple.product-type.tool";
		};
		EFBA880924302BA0003828AC /* 计算属性和存储属性3 */ = {
			isa = PBXNativeTarget;
			buildConfigurationList = EFBA880E24302BA0003828AC /* Build configuration list for PBXNativeTarget "计算属性和存储属性3" */;
			buildPhases = (
				EFBA880624302BA0003828AC /* Sources */,
				EFBA880724302BA0003828AC /* Frameworks */,
				EFBA880824302BA0003828AC /* CopyFiles */,
			);
			buildRules = (
			);
			dependencies = (
			);
			name = "计算属性和存储属性3";
			productName = "计算属性和存储属性3";
			productReference = EFBA880A24302BA0003828AC /* 计算属性和存储属性3 */;
			productType = "com.apple.product-type.tool";
		};
/* End PBXNativeTarget section */

/* Begin PBXProject section */
		EFBA87D6243022DD003828AC /* Project object */ = {
			isa = PBXProject;
			attributes = {
				LastSwiftUpdateCheck = 1120;
				LastUpgradeCheck = 1120;
				ORGANIZATIONNAME = "侯森魁";
				TargetAttributes = {
					EFBA87DD243022DD003828AC = {
						CreatedOnToolsVersion = 11.2.1;
					};
					EFBA87EB243024CD003828AC = {
						CreatedOnToolsVersion = 11.2.1;
					};
					EFBA880924302BA0003828AC = {
						CreatedOnToolsVersion = 11.2.1;
					};
				};
			};
			buildConfigurationList = EFBA87D9243022DD003828AC /* Build configuration list for PBXProject "计算属性和存储属性" */;
			compatibilityVersion = "Xcode 9.3";
			developmentRegion = en;
			hasScannedForEncodings = 0;
			knownRegions = (
				en,
				Base,
			);
			mainGroup = EFBA87D5243022DD003828AC;
			productRefGroup = EFBA87DF243022DD003828AC /* Products */;
			projectDirPath = "";
			projectRoot = "";
			targets = (
				EFBA87DD243022DD003828AC /* 计算属性和存储属性 */,
				EFBA87EB243024CD003828AC /* 计算属性和存储属性2 */,
				EFBA880924302BA0003828AC /* 计算属性和存储属性3 */,
			);
		};
/* End PBXProject section */

/* Begin PBXSourcesBuildPhase section */
		EFBA87DA243022DD003828AC /* Sources */ = {
			isa = PBXSourcesBuildPhase;
			buildActionMask = 2147483647;
			files = (
				EFBA87E2243022DD003828AC /* main.swift in Sources */,
			);
			runOnlyForDeploymentPostprocessing = 0;
		};
		EFBA87E8243024CD003828AC /* Sources */ = {
			isa = PBXSourcesBuildPhase;
			buildActionMask = 2147483647;
			files = (
				EFBA87EF243024CD003828AC /* main.swift in Sources */,
			);
			runOnlyForDeploymentPostprocessing = 0;
		};
		EFBA880624302BA0003828AC /* Sources */ = {
			isa = PBXSourcesBuildPhase;
			buildActionMask = 2147483647;
			files = (
				EFBA880D24302BA0003828AC /* main.swift in Sources */,
			);
			runOnlyForDeploymentPostprocessing = 0;
		};
/* End PBXSourcesBuildPhase section */

/* Begin XCBuildConfiguration section */
		EFBA87E3243022DD003828AC /* Debug */ = {
			isa = XCBuildConfiguration;
			buildSettings = {
				ALWAYS_SEARCH_USER_PATHS = NO;
				CLANG_ANALYZER_NONNULL = YES;
				CLANG_ANALYZER_NUMBER_OBJECT_CONVERSION = YES_AGGRESSIVE;
				CLANG_CXX_LANGUAGE_STANDARD = "gnu++14";
				CLANG_CXX_LIBRARY = "libc++";
				CLANG_ENABLE_MODULES = YES;
				CLANG_ENABLE_OBJC_ARC = YES;
				CLANG_ENABLE_OBJC_WEAK = YES;
				CLANG_WARN_BLOCK_CAPTURE_AUTORELEASING = YES;
				CLANG_WARN_BOOL_CONVERSION = YES;
				CLANG_WARN_COMMA = YES;
				CLANG_WARN_CONSTANT_CONVERSION = YES;
				CLANG_WARN_DEPRECATED_OBJC_IMPLEMENTATIONS = YES;
				CLANG_WARN_DIRECT_OBJC_ISA_USAGE = YES_ERROR;
				CLANG_WARN_DOCUMENTATION_COMMENTS = YES;
				CLANG_WARN_EMPTY_BODY = YES;
				CLANG_WARN_ENUM_CONVERSION = YES;
				CLANG_WARN_INFINITE_RECURSION = YES;
				CLANG_WARN_INT_CONVERSION = YES;
				CLANG_WARN_NON_LITERAL_NULL_CONVERSION = YES;
				CLANG_WARN_OBJC_IMPLICIT_RETAIN_SELF = YES;
				CLANG_WARN_OBJC_LITERAL_CONVERSION = YES;
				CLANG_WARN_OBJC_ROOT_CLASS = YES_ERROR;
				CLANG_WARN_RANGE_LOOP_ANALYSIS = YES;
				CLANG_WARN_STRICT_PROTOTYPES = YES;
				CLANG_WARN_SUSPICIOUS_MOVE = YES;
				CLANG_WARN_UNGUARDED_AVAILABILITY = YES_AGGRESSIVE;
				CLANG_WARN_UNREACHABLE_CODE = YES;
				CLANG_WARN__DUPLICATE_METHOD_MATCH = YES;
				COPY_PHASE_STRIP = NO;
				DEBUG_INFORMATION_FORMAT = dwarf;
				ENABLE_STRICT_OBJC_MSGSEND = YES;
				ENABLE_TESTABILITY = YES;
				GCC_C_LANGUAGE_STANDARD = gnu11;
				GCC_DYNAMIC_NO_PIC = NO;
				GCC_NO_COMMON_BLOCKS = YES;
				GCC_OPTIMIZATION_LEVEL = 0;
				GCC_PREPROCESSOR_DEFINITIONS = (
					"DEBUG=1",
					"$(inherited)",
				);
				GCC_WARN_64_TO_32_BIT_CONVERSION = YES;
				GCC_WARN_ABOUT_RETURN_TYPE = YES_ERROR;
				GCC_WARN_UNDECLARED_SELECTOR = YES;
				GCC_WARN_UNINITIALIZED_AUTOS = YES_AGGRESSIVE;
				GCC_WARN_UNUSED_FUNCTION = YES;
				GCC_WARN_UNUSED_VARIABLE = YES;
				MACOSX_DEPLOYMENT_TARGET = 10.15;
				MTL_ENABLE_DEBUG_INFO = INCLUDE_SOURCE;
				MTL_FAST_MATH = YES;
				ONLY_ACTIVE_ARCH = YES;
				SDKROOT = macosx;
				SWIFT_ACTIVE_COMPILATION_CONDITIONS = DEBUG;
				SWIFT_OPTIMIZATION_LEVEL = "-Onone";
			};
			name = Debug;
		};
		EFBA87E4243022DD003828AC /* Release */ = {
			isa = XCBuildConfiguration;
			buildSettings = {
				ALWAYS_SEARCH_USER_PATHS = NO;
				CLANG_ANALYZER_NONNULL = YES;
				CLANG_ANALYZER_NUMBER_OBJECT_CONVERSION = YES_AGGRESSIVE;
				CLANG_CXX_LANGUAGE_STANDARD = "gnu++14";
				CLANG_CXX_LIBRARY = "libc++";
				CLANG_ENABLE_MODULES = YES;
				CLANG_ENABLE_OBJC_ARC = YES;
				CLANG_ENABLE_OBJC_WEAK = YES;
				CLANG_WARN_BLOCK_CAPTURE_AUTORELEASING = YES;
				CLANG_WARN_BOOL_CONVERSION = YES;
				CLANG_WARN_COMMA = YES;
				CLANG_WARN_CONSTANT_CONVERSION = YES;
				CLANG_WARN_DEPRECATED_OBJC_IMPLEMENTATIONS = YES;
				CLANG_WARN_DIRECT_OBJC_ISA_USAGE = YES_ERROR;
				CLANG_WARN_DOCUMENTATION_COMMENTS = YES;
				CLANG_WARN_EMPTY_BODY = YES;
				CLANG_WARN_ENUM_CONVERSION = YES;
				CLANG_WARN_INFINITE_RECURSION = YES;
				CLANG_WARN_INT_CONVERSION = YES;
				CLANG_WARN_NON_LITERAL_NULL_CONVERSION = YES;
				CLANG_WARN_OBJC_IMPLICIT_RETAIN_SELF = YES;
				CLANG_WARN_OBJC_LITERAL_CONVERSION = YES;
				CLANG_WARN_OBJC_ROOT_CLASS = YES_ERROR;
				CLANG_WARN_RANGE_LOOP_ANALYSIS = YES;
				CLANG_WARN_STRICT_PROTOTYPES = YES;
				CLANG_WARN_SUSPICIOUS_MOVE = YES;
				CLANG_WARN_UNGUARDED_AVAILABILITY = YES_AGGRESSIVE;
				CLANG_WARN_UNREACHABLE_CODE = YES;
				CLANG_WARN__DUPLICATE_METHOD_MATCH = YES;
				COPY_PHASE_STRIP = NO;
				DEBUG_INFORMATION_FORMAT = "dwarf-with-dsym";
				ENABLE_NS_ASSERTIONS = NO;
				ENABLE_STRICT_OBJC_MSGSEND = YES;
				GCC_C_LANGUAGE_STANDARD = gnu11;
				GCC_NO_COMMON_BLOCKS = YES;
				GCC_WARN_64_TO_32_BIT_CONVERSION = YES;
				GCC_WARN_ABOUT_RETURN_TYPE = YES_ERROR;
				GCC_WARN_UNDECLARED_SELECTOR = YES;
				GCC_WARN_UNINITIALIZED_AUTOS = YES_AGGRESSIVE;
				GCC_WARN_UNUSED_FUNCTION = YES;
				GCC_WARN_UNUSED_VARIABLE = YES;
				MACOSX_DEPLOYMENT_TARGET = 10.15;
				MTL_ENABLE_DEBUG_INFO = NO;
				MTL_FAST_MATH = YES;
				SDKROOT = macosx;
				SWIFT_COMPILATION_MODE = wholemodule;
				SWIFT_OPTIMIZATION_LEVEL = "-O";
			};
			name = Release;
		};
		EFBA87E6243022DD003828AC /* Debug */ = {
			isa = XCBuildConfiguration;
			buildSettings = {
				CODE_SIGN_STYLE = Automatic;
				PRODUCT_NAME = "$(TARGET_NAME)";
				SWIFT_VERSION = 5.0;
			};
			name = Debug;
		};
		EFBA87E7243022DD003828AC /* Release */ = {
			isa = XCBuildConfiguration;
			buildSettings = {
				CODE_SIGN_STYLE = Automatic;
				PRODUCT_NAME = "$(TARGET_NAME)";
				SWIFT_VERSION = 5.0;
			};
			name = Release;
		};
		EFBA87F1243024CD003828AC /* Debug */ = {
			isa = XCBuildConfiguration;
			buildSettings = {
				CODE_SIGN_STYLE = Automatic;
				PRODUCT_NAME = "$(TARGET_NAME)";
				SWIFT_VERSION = 5.0;
			};
			name = Debug;
		};
		EFBA87F2243024CD003828AC /* Release */ = {
			isa = XCBuildConfiguration;
			buildSettings = {
				CODE_SIGN_STYLE = Automatic;
				PRODUCT_NAME = "$(TARGET_NAME)";
				SWIFT_VERSION = 5.0;
			};
			name = Release;
		};
		EFBA880F24302BA0003828AC /* Debug */ = {
			isa = XCBuildConfiguration;
			buildSettings = {
				CODE_SIGN_STYLE = Automatic;
				PRODUCT_NAME = "$(TARGET_NAME)";
				SWIFT_VERSION = 5.0;
			};
			name = Debug;
		};
		EFBA881024302BA0003828AC /* Release */ = {
			isa = XCBuildConfiguration;
			buildSettings = {
				CODE_SIGN_STYLE = Automatic;
				PRODUCT_NAME = "$(TARGET_NAME)";
				SWIFT_VERSION = 5.0;
			};
			name = Release;
		};
/* End XCBuildConfiguration section */

/* Begin XCConfigurationList section */
		EFBA87D9243022DD003828AC /* Build configuration list for PBXProject "计算属性和存储属性" */ = {
			isa = XCConfigurationList;
			buildConfigurations = (
				EFBA87E3243022DD003828AC /* Debug */,
				EFBA87E4243022DD003828AC /* Release */,
			);
			defaultConfigurationIsVisible = 0;
			defaultConfigurationName = Release;
		};
		EFBA87E5243022DD003828AC /* Build configuration list for PBXNativeTarget "计算属性和存储属性" */ = {
			isa = XCConfigurationList;
			buildConfigurations = (
				EFBA87E6243022DD003828AC /* Debug */,
				EFBA87E7243022DD003828AC /* Release */,
			);
			defaultConfigurationIsVisible = 0;
			defaultConfigurationName = Release;
		};
		EFBA87F0243024CD003828AC /* Build configuration list for PBXNativeTarget "计算属性和存储属性2" */ = {
			isa = XCConfigurationList;
			buildConfigurations = (
				EFBA87F1243024CD003828AC /* Debug */,
				EFBA87F2243024CD003828AC /* Release */,
			);
			defaultConfigurationIsVisible = 0;
			defaultConfigurationName = Release;
		};
		EFBA880E24302BA0003828AC /* Build configuration list for PBXNativeTarget "计算属性和存储属性3" */ = {
			isa = XCConfigurationList;
			buildConfigurations = (
				EFBA880F24302BA0003828AC /* Debug */,
				EFBA881024302BA0003828AC /* Release */,
			);
			defaultConfigurationIsVisible = 0;
			defaultConfigurationName = Release;
		};
/* End XCConfigurationList section */
	};
	rootObject = EFBA87D6243022DD003828AC /* Project object */;
}
