// !$*UTF8*$!
{
	archiveVersion = 1;
	classes = {
	};
	objectVersion = 50;
	objects = {

/* Begin PBXBuildFile section */
		EF8A6280243211FE00AF0156 /* main.swift in Sources */ = {isa = PBXBuildFile; fileRef = EF8A627F243211FE00AF0156 /* main.swift */; };
		EF8A628D24321ACB00AF0156 /* main.swift in Sources */ = {isa = PBXBuildFile; fileRef = EF8A628C24321ACB00AF0156 /* main.swift */; };
		EF8A62982432338500AF0156 /* main.swift in Sources */ = {isa = PBXBuildFile; fileRef = EF8A62972432338500AF0156 /* main.swift */; };
/* End PBXBuildFile section */

/* Begin PBXCopyFilesBuildPhase section */
		EF8A627A243211FE00AF0156 /* CopyFiles */ = {
			isa = PBXCopyFilesBuildPhase;
			buildActionMask = 2147483647;
			dstPath = /usr/share/man/man1/;
			dstSubfolderSpec = 0;
			files = (
			);
			runOnlyForDeploymentPostprocessing = 1;
		};
		EF8A628824321ACB00AF0156 /* CopyFiles */ = {
			isa = PBXCopyFilesBuildPhase;
			buildActionMask = 2147483647;
			dstPath = /usr/share/man/man1/;
			dstSubfolderSpec = 0;
			files = (
			);
			runOnlyForDeploymentPostprocessing = 1;
		};
		EF8A62932432338500AF0156 /* CopyFiles */ = {
			isa = PBXCopyFilesBuildPhase;
			buildActionMask = 2147483647;
			dstPath = /usr/share/man/man1/;
			dstSubfolderSpec = 0;
			files = (
			);
			runOnlyForDeploymentPostprocessing = 1;
		};
/* End PBXCopyFilesBuildPhase section */

/* Begin PBXFileReference section */
		EF8A627C243211FE00AF0156 /* 字面量 */ = {isa = PBXFileReference; explicitFileType = "compiled.mach-o.executable"; includeInIndex = 0; path = "字面量"; sourceTree = BUILT_PRODUCTS_DIR; };
		EF8A627F243211FE00AF0156 /* main.swift */ = {isa = PBXFileReference; lastKnownFileType = sourcecode.swift; path = main.swift; sourceTree = "<group>"; };
		EF8A628A24321ACB00AF0156 /* 模式 */ = {isa = PBXFileReference; explicitFileType = "compiled.mach-o.executable"; includeInIndex = 0; path = "模式"; sourceTree = BUILT_PRODUCTS_DIR; };
		EF8A628C24321ACB00AF0156 /* main.swift */ = {isa = PBXFileReference; lastKnownFileType = sourcecode.swift; path = main.swift; sourceTree = "<group>"; };
		EF8A62952432338500AF0156 /* 枚举case模式 */ = {isa = PBXFileReference; explicitFileType = "compiled.mach-o.executable"; includeInIndex = 0; path = "枚举case模式"; sourceTree = BUILT_PRODUCTS_DIR; };
		EF8A62972432338500AF0156 /* main.swift */ = {isa = PBXFileReference; lastKnownFileType = sourcecode.swift; path = main.swift; sourceTree = "<group>"; };
/* End PBXFileReference section */

/* Begin PBXFrameworksBuildPhase section */
		EF8A6279243211FE00AF0156 /* Frameworks */ = {
			isa = PBXFrameworksBuildPhase;
			buildActionMask = 2147483647;
			files = (
			);
			runOnlyForDeploymentPostprocessing = 0;
		};
		EF8A628724321ACB00AF0156 /* Frameworks */ = {
			isa = PBXFrameworksBuildPhase;
			buildActionMask = 2147483647;
			files = (
			);
			runOnlyForDeploymentPostprocessing = 0;
		};
		EF8A62922432338500AF0156 /* Frameworks */ = {
			isa = PBXFrameworksBuildPhase;
			buildActionMask = 2147483647;
			files = (
			);
			runOnlyForDeploymentPostprocessing = 0;
		};
/* End PBXFrameworksBuildPhase section */

/* Begin PBXGroup section */
		EF8A6273243211FE00AF0156 = {
			isa = PBXGroup;
			children = (
				EF8A627E243211FE00AF0156 /* 字面量 */,
				EF8A628B24321ACB00AF0156 /* 模式 */,
				EF8A62962432338500AF0156 /* 枚举case模式 */,
				EF8A627D243211FE00AF0156 /* Products */,
			);
			sourceTree = "<group>";
		};
		EF8A627D243211FE00AF0156 /* Products */ = {
			isa = PBXGroup;
			children = (
				EF8A627C243211FE00AF0156 /* 字面量 */,
				EF8A628A24321ACB00AF0156 /* 模式 */,
				EF8A62952432338500AF0156 /* 枚举case模式 */,
			);
			name = Products;
			sourceTree = "<group>";
		};
		EF8A627E243211FE00AF0156 /* 字面量 */ = {
			isa = PBXGroup;
			children = (
				EF8A627F243211FE00AF0156 /* main.swift */,
			);
			path = "字面量";
			sourceTree = "<group>";
		};
		EF8A628B24321ACB00AF0156 /* 模式 */ = {
			isa = PBXGroup;
			children = (
				EF8A628C24321ACB00AF0156 /* main.swift */,
			);
			path = "模式";
			sourceTree = "<group>";
		};
		EF8A62962432338500AF0156 /* 枚举case模式 */ = {
			isa = PBXGroup;
			children = (
				EF8A62972432338500AF0156 /* main.swift */,
			);
			path = "枚举case模式";
			sourceTree = "<group>";
		};
/* End PBXGroup section */

/* Begin PBXNativeTarget section */
		EF8A627B243211FE00AF0156 /* 字面量 */ = {
			isa = PBXNativeTarget;
			buildConfigurationList = EF8A6283243211FE00AF0156 /* Build configuration list for PBXNativeTarget "字面量" */;
			buildPhases = (
				EF8A6278243211FE00AF0156 /* Sources */,
				EF8A6279243211FE00AF0156 /* Frameworks */,
				EF8A627A243211FE00AF0156 /* CopyFiles */,
			);
			buildRules = (
			);
			dependencies = (
			);
			name = "字面量";
			productName = "字面量";
			productReference = EF8A627C243211FE00AF0156 /* 字面量 */;
			productType = "com.apple.product-type.tool";
		};
		EF8A628924321ACB00AF0156 /* 模式 */ = {
			isa = PBXNativeTarget;
			buildConfigurationList = EF8A628E24321ACB00AF0156 /* Build configuration list for PBXNativeTarget "模式" */;
			buildPhases = (
				EF8A628624321ACB00AF0156 /* Sources */,
				EF8A628724321ACB00AF0156 /* Frameworks */,
				EF8A628824321ACB00AF0156 /* CopyFiles */,
			);
			buildRules = (
			);
			dependencies = (
			);
			name = "模式";
			productName = "模式";
			productReference = EF8A628A24321ACB00AF0156 /* 模式 */;
			productType = "com.apple.product-type.tool";
		};
		EF8A62942432338500AF0156 /* 枚举case模式 */ = {
			isa = PBXNativeTarget;
			buildConfigurationList = EF8A62992432338500AF0156 /* Build configuration list for PBXNativeTarget "枚举case模式" */;
			buildPhases = (
				EF8A62912432338500AF0156 /* Sources */,
				EF8A62922432338500AF0156 /* Frameworks */,
				EF8A62932432338500AF0156 /* CopyFiles */,
			);
			buildRules = (
			);
			dependencies = (
			);
			name = "枚举case模式";
			productName = "枚举case模式";
			productReference = EF8A62952432338500AF0156 /* 枚举case模式 */;
			productType = "com.apple.product-type.tool";
		};
/* End PBXNativeTarget section */

/* Begin PBXProject section */
		EF8A6274243211FE00AF0156 /* Project object */ = {
			isa = PBXProject;
			attributes = {
				LastSwiftUpdateCheck = 1120;
				LastUpgradeCheck = 1120;
				ORGANIZATIONNAME = "侯森魁";
				TargetAttributes = {
					EF8A627B243211FE00AF0156 = {
						CreatedOnToolsVersion = 11.2.1;
					};
					EF8A628924321ACB00AF0156 = {
						CreatedOnToolsVersion = 11.2.1;
					};
					EF8A62942432338500AF0156 = {
						CreatedOnToolsVersion = 11.2.1;
					};
				};
			};
			buildConfigurationList = EF8A6277243211FE00AF0156 /* Build configuration list for PBXProject "字面量" */;
			compatibilityVersion = "Xcode 9.3";
			developmentRegion = en;
			hasScannedForEncodings = 0;
			knownRegions = (
				en,
				Base,
			);
			mainGroup = EF8A6273243211FE00AF0156;
			productRefGroup = EF8A627D243211FE00AF0156 /* Products */;
			projectDirPath = "";
			projectRoot = "";
			targets = (
				EF8A627B243211FE00AF0156 /* 字面量 */,
				EF8A628924321ACB00AF0156 /* 模式 */,
				EF8A62942432338500AF0156 /* 枚举case模式 */,
			);
		};
/* End PBXProject section */

/* Begin PBXSourcesBuildPhase section */
		EF8A6278243211FE00AF0156 /* Sources */ = {
			isa = PBXSourcesBuildPhase;
			buildActionMask = 2147483647;
			files = (
				EF8A6280243211FE00AF0156 /* main.swift in Sources */,
			);
			runOnlyForDeploymentPostprocessing = 0;
		};
		EF8A628624321ACB00AF0156 /* Sources */ = {
			isa = PBXSourcesBuildPhase;
			buildActionMask = 2147483647;
			files = (
				EF8A628D24321ACB00AF0156 /* main.swift in Sources */,
			);
			runOnlyForDeploymentPostprocessing = 0;
		};
		EF8A62912432338500AF0156 /* Sources */ = {
			isa = PBXSourcesBuildPhase;
			buildActionMask = 2147483647;
			files = (
				EF8A62982432338500AF0156 /* main.swift in Sources */,
			);
			runOnlyForDeploymentPostprocessing = 0;
		};
/* End PBXSourcesBuildPhase section */

/* Begin XCBuildConfiguration section */
		EF8A6281243211FE00AF0156 /* Debug */ = {
			isa = XCBuildConfiguration;
			buildSettings = {
				ALWAYS_SEARCH_USER_PATHS = NO;
				CLANG_ANALYZER_NONNULL = YES;
				CLANG_ANALYZER_NUMBER_OBJECT_CONVERSION = YES_AGGRESSIVE;
				CLANG_CXX_LANGUAGE_STANDARD = "gnu++14";
				CLANG_CXX_LIBRARY = "libc++";
				CLANG_ENABLE_MODULES = YES;
				CLANG_ENABLE_OBJC_ARC = YES;
				CLANG_ENABLE_OBJC_WEAK = YES;
				CLANG_WARN_BLOCK_CAPTURE_AUTORELEASING = YES;
				CLANG_WARN_BOOL_CONVERSION = YES;
				CLANG_WARN_COMMA = YES;
				CLANG_WARN_CONSTANT_CONVERSION = YES;
				CLANG_WARN_DEPRECATED_OBJC_IMPLEMENTATIONS = YES;
				CLANG_WARN_DIRECT_OBJC_ISA_USAGE = YES_ERROR;
				CLANG_WARN_DOCUMENTATION_COMMENTS = YES;
				CLANG_WARN_EMPTY_BODY = YES;
				CLANG_WARN_ENUM_CONVERSION = YES;
				CLANG_WARN_INFINITE_RECURSION = YES;
				CLANG_WARN_INT_CONVERSION = YES;
				CLANG_WARN_NON_LITERAL_NULL_CONVERSION = YES;
				CLANG_WARN_OBJC_IMPLICIT_RETAIN_SELF = YES;
				CLANG_WARN_OBJC_LITERAL_CONVERSION = YES;
				CLANG_WARN_OBJC_ROOT_CLASS = YES_ERROR;
				CLANG_WARN_RANGE_LOOP_ANALYSIS = YES;
				CLANG_WARN_STRICT_PROTOTYPES = YES;
				CLANG_WARN_SUSPICIOUS_MOVE = YES;
				CLANG_WARN_UNGUARDED_AVAILABILITY = YES_AGGRESSIVE;
				CLANG_WARN_UNREACHABLE_CODE = YES;
				CLANG_WARN__DUPLICATE_METHOD_MATCH = YES;
				COPY_PHASE_STRIP = NO;
				DEBUG_INFORMATION_FORMAT = dwarf;
				ENABLE_STRICT_OBJC_MSGSEND = YES;
				ENABLE_TESTABILITY = YES;
				GCC_C_LANGUAGE_STANDARD = gnu11;
				GCC_DYNAMIC_NO_PIC = NO;
				GCC_NO_COMMON_BLOCKS = YES;
				GCC_OPTIMIZATION_LEVEL = 0;
				GCC_PREPROCESSOR_DEFINITIONS = (
					"DEBUG=1",
					"$(inherited)",
				);
				GCC_WARN_64_TO_32_BIT_CONVERSION = YES;
				GCC_WARN_ABOUT_RETURN_TYPE = YES_ERROR;
				GCC_WARN_UNDECLARED_SELECTOR = YES;
				GCC_WARN_UNINITIALIZED_AUTOS = YES_AGGRESSIVE;
				GCC_WARN_UNUSED_FUNCTION = YES;
				GCC_WARN_UNUSED_VARIABLE = YES;
				MACOSX_DEPLOYMENT_TARGET = 10.15;
				MTL_ENABLE_DEBUG_INFO = INCLUDE_SOURCE;
				MTL_FAST_MATH = YES;
				ONLY_ACTIVE_ARCH = YES;
				SDKROOT = macosx;
				SWIFT_ACTIVE_COMPILATION_CONDITIONS = DEBUG;
				SWIFT_OPTIMIZATION_LEVEL = "-Onone";
			};
			name = Debug;
		};
		EF8A6282243211FE00AF0156 /* Release */ = {
			isa = XCBuildConfiguration;
			buildSettings = {
				ALWAYS_SEARCH_USER_PATHS = NO;
				CLANG_ANALYZER_NONNULL = YES;
				CLANG_ANALYZER_NUMBER_OBJECT_CONVERSION = YES_AGGRESSIVE;
				CLANG_CXX_LANGUAGE_STANDARD = "gnu++14";
				CLANG_CXX_LIBRARY = "libc++";
				CLANG_ENABLE_MODULES = YES;
				CLANG_ENABLE_OBJC_ARC = YES;
				CLANG_ENABLE_OBJC_WEAK = YES;
				CLANG_WARN_BLOCK_CAPTURE_AUTORELEASING = YES;
				CLANG_WARN_BOOL_CONVERSION = YES;
				CLANG_WARN_COMMA = YES;
				CLANG_WARN_CONSTANT_CONVERSION = YES;
				CLANG_WARN_DEPRECATED_OBJC_IMPLEMENTATIONS = YES;
				CLANG_WARN_DIRECT_OBJC_ISA_USAGE = YES_ERROR;
				CLANG_WARN_DOCUMENTATION_COMMENTS = YES;
				CLANG_WARN_EMPTY_BODY = YES;
				CLANG_WARN_ENUM_CONVERSION = YES;
				CLANG_WARN_INFINITE_RECURSION = YES;
				CLANG_WARN_INT_CONVERSION = YES;
				CLANG_WARN_NON_LITERAL_NULL_CONVERSION = YES;
				CLANG_WARN_OBJC_IMPLICIT_RETAIN_SELF = YES;
				CLANG_WARN_OBJC_LITERAL_CONVERSION = YES;
				CLANG_WARN_OBJC_ROOT_CLASS = YES_ERROR;
				CLANG_WARN_RANGE_LOOP_ANALYSIS = YES;
				CLANG_WARN_STRICT_PROTOTYPES = YES;
				CLANG_WARN_SUSPICIOUS_MOVE = YES;
				CLANG_WARN_UNGUARDED_AVAILABILITY = YES_AGGRESSIVE;
				CLANG_WARN_UNREACHABLE_CODE = YES;
				CLANG_WARN__DUPLICATE_METHOD_MATCH = YES;
				COPY_PHASE_STRIP = NO;
				DEBUG_INFORMATION_FORMAT = "dwarf-with-dsym";
				ENABLE_NS_ASSERTIONS = NO;
				ENABLE_STRICT_OBJC_MSGSEND = YES;
				GCC_C_LANGUAGE_STANDARD = gnu11;
				GCC_NO_COMMON_BLOCKS = YES;
				GCC_WARN_64_TO_32_BIT_CONVERSION = YES;
				GCC_WARN_ABOUT_RETURN_TYPE = YES_ERROR;
				GCC_WARN_UNDECLARED_SELECTOR = YES;
				GCC_WARN_UNINITIALIZED_AUTOS = YES_AGGRESSIVE;
				GCC_WARN_UNUSED_FUNCTION = YES;
				GCC_WARN_UNUSED_VARIABLE = YES;
				MACOSX_DEPLOYMENT_TARGET = 10.15;
				MTL_ENABLE_DEBUG_INFO = NO;
				MTL_FAST_MATH = YES;
				SDKROOT = macosx;
				SWIFT_COMPILATION_MODE = wholemodule;
				SWIFT_OPTIMIZATION_LEVEL = "-O";
			};
			name = Release;
		};
		EF8A6284243211FE00AF0156 /* Debug */ = {
			isa = XCBuildConfiguration;
			buildSettings = {
				CODE_SIGN_STYLE = Automatic;
				PRODUCT_NAME = "$(TARGET_NAME)";
				SWIFT_VERSION = 5.0;
			};
			name = Debug;
		};
		EF8A6285243211FE00AF0156 /* Release */ = {
			isa = XCBuildConfiguration;
			buildSettings = {
				CODE_SIGN_STYLE = Automatic;
				PRODUCT_NAME = "$(TARGET_NAME)";
				SWIFT_VERSION = 5.0;
			};
			name = Release;
		};
		EF8A628F24321ACB00AF0156 /* Debug */ = {
			isa = XCBuildConfiguration;
			buildSettings = {
				CODE_SIGN_STYLE = Automatic;
				PRODUCT_NAME = "$(TARGET_NAME)";
				SWIFT_VERSION = 5.0;
			};
			name = Debug;
		};
		EF8A629024321ACB00AF0156 /* Release */ = {
			isa = XCBuildConfiguration;
			buildSettings = {
				CODE_SIGN_STYLE = Automatic;
				PRODUCT_NAME = "$(TARGET_NAME)";
				SWIFT_VERSION = 5.0;
			};
			name = Release;
		};
		EF8A629A2432338500AF0156 /* Debug */ = {
			isa = XCBuildConfiguration;
			buildSettings = {
				CODE_SIGN_STYLE = Automatic;
				PRODUCT_NAME = "$(TARGET_NAME)";
				SWIFT_VERSION = 5.0;
			};
			name = Debug;
		};
		EF8A629B2432338500AF0156 /* Release */ = {
			isa = XCBuildConfiguration;
			buildSettings = {
				CODE_SIGN_STYLE = Automatic;
				PRODUCT_NAME = "$(TARGET_NAME)";
				SWIFT_VERSION = 5.0;
			};
			name = Release;
		};
/* End XCBuildConfiguration section */

/* Begin XCConfigurationList section */
		EF8A6277243211FE00AF0156 /* Build configuration list for PBXProject "字面量" */ = {
			isa = XCConfigurationList;
			buildConfigurations = (
				EF8A6281243211FE00AF0156 /* Debug */,
				EF8A6282243211FE00AF0156 /* Release */,
			);
			defaultConfigurationIsVisible = 0;
			defaultConfigurationName = Release;
		};
		EF8A6283243211FE00AF0156 /* Build configuration list for PBXNativeTarget "字面量" */ = {
			isa = XCConfigurationList;
			buildConfigurations = (
				EF8A6284243211FE00AF0156 /* Debug */,
				EF8A6285243211FE00AF0156 /* Release */,
			);
			defaultConfigurationIsVisible = 0;
			defaultConfigurationName = Release;
		};
		EF8A628E24321ACB00AF0156 /* Build configuration list for PBXNativeTarget "模式" */ = {
			isa = XCConfigurationList;
			buildConfigurations = (
				EF8A628F24321ACB00AF0156 /* Debug */,
				EF8A629024321ACB00AF0156 /* Release */,
			);
			defaultConfigurationIsVisible = 0;
			defaultConfigurationName = Release;
		};
		EF8A62992432338500AF0156 /* Build configuration list for PBXNativeTarget "枚举case模式" */ = {
			isa = XCConfigurationList;
			buildConfigurations = (
				EF8A629A2432338500AF0156 /* Debug */,
				EF8A629B2432338500AF0156 /* Release */,
			);
			defaultConfigurationIsVisible = 0;
			defaultConfigurationName = Release;
		};
/* End XCConfigurationList section */
	};
	rootObject = EF8A6274243211FE00AF0156 /* Project object */;
}
